
Microsoft Visual Studio Solution File, Format Version 12.00
# Visual Studio Version 16
VisualStudioVersion = 16.0.30320.27
MinimumVisualStudioVersion = 10.0.40219.1
Project("{FAE04EC0-301F-11D3-BF4B-00C04F79EFBC}") = "MvcMovie", "MvcMovie.csproj", "{72B8EBC0-5124-4EDB-A552-4FA8DEDA3167}"
EndProject
Global
	GlobalSection(SolutionConfigurationPlatforms) = preSolution
		Debug|Any CPU = Debug|Any CPU
		Release|Any CPU = Release|Any CPU
	EndGlobalSection
	GlobalSection(ProjectConfigurationPlatforms) = postSolution
		{72B8EBC0-5124-4EDB-A552-4FA8DEDA3167}.Debug|Any CPU.ActiveCfg = Debug|Any CPU
		{72B8EBC0-5124-4EDB-A552-4FA8DEDA3167}.Debug|Any CPU.Build.0 = Debug|Any CPU
		{72B8EBC0-5124-4EDB-A552-4FA8DEDA3167}.Release|Any CPU.ActiveCfg = Release|Any CPU
		{72B8EBC0-5124-4EDB-A552-4FA8DEDA3167}.Release|Any CPU.Build.0 = Release|Any CPU
	EndGlobalSection
	GlobalSection(SolutionProperties) = preSolution
		HideSolutionNode = FALSE
	EndGlobalSection
	GlobalSection(ExtensibilityGlobals) = postSolution
		SolutionGuid = {DB372455-F2E1-447D-8E70-E84A55775638}
	EndGlobalSection
EndGlobal
